
Microsoft Visual Studio Solution File, Format Version 12.00
# Visual Studio Version 16
VisualStudioVersion = 16.0.32126.315
MinimumVisualStudioVersion = 10.0.40219.1
Project("{FAE04EC0-301F-11D3-BF4B-00C04F79EFBC}") = "MyShop.WebUI", "MyShop.WebUI\MyShop.WebUI.csproj", "{2891B425-7ECE-4149-B22C-F54C4A49B7B1}"
EndProject
Project("{FAE04EC0-301F-11D3-BF4B-00C04F79EFBC}") = "MyShop.WebUI.Tests", "MyShop.WebUI.Tests\MyShop.WebUI.Tests.csproj", "{8FB0ADFD-B142-4074-90D0-CC6F878C3CD4}"
EndProject
Project("{FAE04EC0-301F-11D3-BF4B-00C04F79EFBC}") = "MyShop.Core", "MyShop.Core\MyShop.Core.csproj", "{AE1697A0-EEAF-4BC6-A2E7-8B74A4938281}"
EndProject
Project("{FAE04EC0-301F-11D3-BF4B-00C04F79EFBC}") = "MyShop.Services", "MyShop.Services\MyShop.Services.csproj", "{A2E28DF5-1CD0-4B88-8BBE-2D7BDEE8AA4D}"
EndProject
Project("{FAE04EC0-301F-11D3-BF4B-00C04F79EFBC}") = "MyShop.DataAccess.InMemory", "MyShop.DataAccess.InMemory\MyShop.DataAccess.InMemory.csproj", "{E7D4CDFB-3FBF-4713-8F40-AAB13CD03DAC}"
EndProject
Project("{FAE04EC0-301F-11D3-BF4B-00C04F79EFBC}") = "MyShop.DataAccess.SQL", "MyShop.DataAccess.SQL\MyShop.DataAccess.SQL.csproj", "{59B285D7-3CC3-458C-99ED-54455A623761}"
EndProject
Global
	GlobalSection(SolutionConfigurationPlatforms) = preSolution
		Debug|Any CPU = Debug|Any CPU
		Release|Any CPU = Release|Any CPU
	EndGlobalSection
	GlobalSection(ProjectConfigurationPlatforms) = postSolution
		{2891B425-7ECE-4149-B22C-F54C4A49B7B1}.Debug|Any CPU.ActiveCfg = Debug|Any CPU
		{2891B425-7ECE-4149-B22C-F54C4A49B7B1}.Debug|Any CPU.Build.0 = Debug|Any CPU
		{2891B425-7ECE-4149-B22C-F54C4A49B7B1}.Release|Any CPU.ActiveCfg = Release|Any CPU
		{2891B425-7ECE-4149-B22C-F54C4A49B7B1}.Release|Any CPU.Build.0 = Release|Any CPU
		{8FB0ADFD-B142-4074-90D0-CC6F878C3CD4}.Debug|Any CPU.ActiveCfg = Debug|Any CPU
		{8FB0ADFD-B142-4074-90D0-CC6F878C3CD4}.Debug|Any CPU.Build.0 = Debug|Any CPU
		{8FB0ADFD-B142-4074-90D0-CC6F878C3CD4}.Release|Any CPU.ActiveCfg = Release|Any CPU
		{8FB0ADFD-B142-4074-90D0-CC6F878C3CD4}.Release|Any CPU.Build.0 = Release|Any CPU
		{AE1697A0-EEAF-4BC6-A2E7-8B74A4938281}.Debug|Any CPU.ActiveCfg = Debug|Any CPU
		{AE1697A0-EEAF-4BC6-A2E7-8B74A4938281}.Debug|Any CPU.Build.0 = Debug|Any CPU
		{AE1697A0-EEAF-4BC6-A2E7-8B74A4938281}.Release|Any CPU.ActiveCfg = Release|Any CPU
		{AE1697A0-EEAF-4BC6-A2E7-8B74A4938281}.Release|Any CPU.Build.0 = Release|Any CPU
		{A2E28DF5-1CD0-4B88-8BBE-2D7BDEE8AA4D}.Debug|Any CPU.ActiveCfg = Debug|Any CPU
		{A2E28DF5-1CD0-4B88-8BBE-2D7BDEE8AA4D}.Debug|Any CPU.Build.0 = Debug|Any CPU
		{A2E28DF5-1CD0-4B88-8BBE-2D7BDEE8AA4D}.Release|Any CPU.ActiveCfg = Release|Any CPU
		{A2E28DF5-1CD0-4B88-8BBE-2D7BDEE8AA4D}.Release|Any CPU.Build.0 = Release|Any CPU
		{E7D4CDFB-3FBF-4713-8F40-AAB13CD03DAC}.Debug|Any CPU.ActiveCfg = Debug|Any CPU
		{E7D4CDFB-3FBF-4713-8F40-AAB13CD03DAC}.Debug|Any CPU.Build.0 = Debug|Any CPU
		{E7D4CDFB-3FBF-4713-8F40-AAB13CD03DAC}.Release|Any CPU.ActiveCfg = Release|Any CPU
		{E7D4CDFB-3FBF-4713-8F40-AAB13CD03DAC}.Release|Any CPU.Build.0 = Release|Any CPU
		{59B285D7-3CC3-458C-99ED-54455A623761}.Debug|Any CPU.ActiveCfg = Debug|Any CPU
		{59B285D7-3CC3-458C-99ED-54455A623761}.Debug|Any CPU.Build.0 = Debug|Any CPU
		{59B285D7-3CC3-458C-99ED-54455A623761}.Release|Any CPU.ActiveCfg = Release|Any CPU
		{59B285D7-3CC3-458C-99ED-54455A623761}.Release|Any CPU.Build.0 = Release|Any CPU
	EndGlobalSection
	GlobalSection(SolutionProperties) = preSolution
		HideSolutionNode = FALSE
	EndGlobalSection
	GlobalSection(ExtensibilityGlobals) = postSolution
		SolutionGuid = {8B20FE33-B5D4-409A-87FA-3F6A8DA100C7}
	EndGlobalSection
EndGlobal
